
Microsoft Visual Studio Solution File, Format Version 12.00
# Visual Studio Version 17
VisualStudioVersion = 17.5.33530.505
MinimumVisualStudioVersion = 10.0.40219.1
Project("{9A19103F-16F7-4668-BE54-9A1E7A4F7556}") = "ContactApi", "ContactApi\ContactApi.csproj", "{62F9AFDA-E684-4030-B0CB-3D6AFC90B21F}"
EndProject
Project("{E53339B2-1760-4266-BCC7-CA923CBCF16C}") = "docker-compose", "docker-compose.dcproj", "{D2FDB697-A11E-45B6-807A-4221A4DAC3AE}"
EndProject
Global
	GlobalSection(SolutionConfigurationPlatforms) = preSolution
		Debug|Any CPU = Debug|Any CPU
		Release|Any CPU = Release|Any CPU
	EndGlobalSection
	GlobalSection(ProjectConfigurationPlatforms) = postSolution
		{62F9AFDA-E684-4030-B0CB-3D6AFC90B21F}.Debug|Any CPU.ActiveCfg = Debug|Any CPU
		{62F9AFDA-E684-4030-B0CB-3D6AFC90B21F}.Debug|Any CPU.Build.0 = Debug|Any CPU
		{62F9AFDA-E684-4030-B0CB-3D6AFC90B21F}.Release|Any CPU.ActiveCfg = Release|Any CPU
		{62F9AFDA-E684-4030-B0CB-3D6AFC90B21F}.Release|Any CPU.Build.0 = Release|Any CPU
		{D2FDB697-A11E-45B6-807A-4221A4DAC3AE}.Debug|Any CPU.ActiveCfg = Debug|Any CPU
		{D2FDB697-A11E-45B6-807A-4221A4DAC3AE}.Debug|Any CPU.Build.0 = Debug|Any CPU
		{D2FDB697-A11E-45B6-807A-4221A4DAC3AE}.Release|Any CPU.ActiveCfg = Release|Any CPU
		{D2FDB697-A11E-45B6-807A-4221A4DAC3AE}.Release|Any CPU.Build.0 = Release|Any CPU
	EndGlobalSection
	GlobalSection(SolutionProperties) = preSolution
		HideSolutionNode = FALSE
	EndGlobalSection
	GlobalSection(ExtensibilityGlobals) = postSolution
		SolutionGuid = {9AE22839-40F9-4FCB-A2EA-E58BA47E345C}
	EndGlobalSection
EndGlobal
